// !$*UTF8*$!
{
	archiveVersion = 1;
	classes = {
	};
	objectVersion = 46;
	objects = {

/* Begin PBXBuildFile section */
		ED44EACE19DCF05B0026E9DB /* AppDelegate.swift in Sources */ = {isa = PBXBuildFile; fileRef = ED44EACD19DCF05B0026E9DB /* AppDelegate.swift */; };
		ED44EAD019DCF05B0026E9DB /* ViewController.swift in Sources */ = {isa = PBXBuildFile; fileRef = ED44EACF19DCF05B0026E9DB /* ViewController.swift */; };
		ED44EAD319DCF05B0026E9DB /* Main.storyboard in Resources */ = {isa = PBXBuildFile; fileRef = ED44EAD119DCF05B0026E9DB /* Main.storyboard */; };
		ED44EAD519DCF05B0026E9DB /* Images.xcassets in Resources */ = {isa = PBXBuildFile; fileRef = ED44EAD419DCF05B0026E9DB /* Images.xcassets */; };
		ED44EAE119DCF05B0026E9DB /* BlackJackTests.swift in Sources */ = {isa = PBXBuildFile; fileRef = ED44EAE019DCF05B0026E9DB /* BlackJackTests.swift */; };
/* End PBXBuildFile section */

/* Begin PBXContainerItemProxy section */
		ED44EADB19DCF05B0026E9DB /* PBXContainerItemProxy */ = {
			isa = PBXContainerItemProxy;
			containerPortal = ED44EAC019DCF05B0026E9DB /* Project object */;
			proxyType = 1;
			remoteGlobalIDString = ED44EAC719DCF05B0026E9DB;
			remoteInfo = BlackJack;
		};
/* End PBXContainerItemProxy section */

/* Begin PBXFileReference section */
		ED44EAC819DCF05B0026E9DB /* BlackJack.app */ = {isa = PBXFileReference; explicitFileType = wrapper.application; includeInIndex = 0; path = BlackJack.app; sourceTree = BUILT_PRODUCTS_DIR; };
		ED44EACC19DCF05B0026E9DB /* Info.plist */ = {isa = PBXFileReference; lastKnownFileType = text.plist.xml; path = Info.plist; sourceTree = "<group>"; };
		ED44EACD19DCF05B0026E9DB /* AppDelegate.swift */ = {isa = PBXFileReference; lastKnownFileType = sourcecode.swift; path = AppDelegate.swift; sourceTree = "<group>"; };
		ED44EACF19DCF05B0026E9DB /* ViewController.swift */ = {isa = PBXFileReference; lastKnownFileType = sourcecode.swift; path = ViewController.swift; sourceTree = "<group>"; };
		ED44EAD219DCF05B0026E9DB /* Base */ = {isa = PBXFileReference; lastKnownFileType = file.storyboard; name = Base; path = Base.lproj/Main.storyboard; sourceTree = "<group>"; };
		ED44EAD419DCF05B0026E9DB /* Images.xcassets */ = {isa = PBXFileReference; lastKnownFileType = folder.assetcatalog; path = Images.xcassets; sourceTree = "<group>"; };
		ED44EADA19DCF05B0026E9DB /* BlackJackTests.xctest */ = {isa = PBXFileReference; explicitFileType = wrapper.cfbundle; includeInIndex = 0; path = BlackJackTests.xctest; sourceTree = BUILT_PRODUCTS_DIR; };
		ED44EADF19DCF05B0026E9DB /* Info.plist */ = {isa = PBXFileReference; lastKnownFileType = text.plist.xml; path = Info.plist; sourceTree = "<group>"; };
		ED44EAE019DCF05B0026E9DB /* BlackJackTests.swift */ = {isa = PBXFileReference; lastKnownFileType = sourcecode.swift; path = BlackJackTests.swift; sourceTree = "<group>"; };
/* End PBXFileReference section */

/* Begin PBXFrameworksBuildPhase section */
		ED44EAC519DCF05B0026E9DB /* Frameworks */ = {
			isa = PBXFrameworksBuildPhase;
			buildActionMask = 2147483647;
			files = (
			);
			runOnlyForDeploymentPostprocessing = 0;
		};
		ED44EAD719DCF05B0026E9DB /* Frameworks */ = {
			isa = PBXFrameworksBuildPhase;
			buildActionMask = 2147483647;
			files = (
			);
			runOnlyForDeploymentPostprocessing = 0;
		};
/* End PBXFrameworksBuildPhase section */

/* Begin PBXGroup section */
		ED44EABF19DCF05B0026E9DB = {
			isa = PBXGroup;
			children = (
				ED44EACA19DCF05B0026E9DB /* BlackJack */,
				ED44EADD19DCF05B0026E9DB /* BlackJackTests */,
				ED44EAC919DCF05B0026E9DB /* Products */,
			);
			sourceTree = "<group>";
		};
		ED44EAC919DCF05B0026E9DB /* Products */ = {
			isa = PBXGroup;
			children = (
				ED44EAC819DCF05B0026E9DB /* BlackJack.app */,
				ED44EADA19DCF05B0026E9DB /* BlackJackTests.xctest */,
			);
			name = Products;
			sourceTree = "<group>";
		};
		ED44EACA19DCF05B0026E9DB /* BlackJack */ = {
			isa = PBXGroup;
			children = (
				ED44EACD19DCF05B0026E9DB /* AppDelegate.swift */,
				ED44EACF19DCF05B0026E9DB /* ViewController.swift */,
				ED44EAD119DCF05B0026E9DB /* Main.storyboard */,
				ED44EAD419DCF05B0026E9DB /* Images.xcassets */,
				ED44EACB19DCF05B0026E9DB /* Supporting Files */,
			);
			path = BlackJack;
			sourceTree = "<group>";
		};
		ED44EACB19DCF05B0026E9DB /* Supporting Files */ = {
			isa = PBXGroup;
			children = (
				ED44EACC19DCF05B0026E9DB /* Info.plist */,
			);
			name = "Supporting Files";
			sourceTree = "<group>";
		};
		ED44EADD19DCF05B0026E9DB /* BlackJackTests */ = {
			isa = PBXGroup;
			children = (
				ED44EAE019DCF05B0026E9DB /* BlackJackTests.swift */,
				ED44EADE19DCF05B0026E9DB /* Supporting Files */,
			);
			path = BlackJackTests;
			sourceTree = "<group>";
		};
		ED44EADE19DCF05B0026E9DB /* Supporting Files */ = {
			isa = PBXGroup;
			children = (
				ED44EADF19DCF05B0026E9DB /* Info.plist */,
			);
			name = "Supporting Files";
			sourceTree = "<group>";
		};
/* End PBXGroup section */

/* Begin PBXNativeTarget section */
		ED44EAC719DCF05B0026E9DB /* BlackJack */ = {
			isa = PBXNativeTarget;
			buildConfigurationList = ED44EAE419DCF05B0026E9DB /* Build configuration list for PBXNativeTarget "BlackJack" */;
			buildPhases = (
				ED44EAC419DCF05B0026E9DB /* Sources */,
				ED44EAC519DCF05B0026E9DB /* Frameworks */,
				ED44EAC619DCF05B0026E9DB /* Resources */,
			);
			buildRules = (
			);
			dependencies = (
			);
			name = BlackJack;
			productName = BlackJack;
			productReference = ED44EAC819DCF05B0026E9DB /* BlackJack.app */;
			productType = "com.apple.product-type.application";
		};
		ED44EAD919DCF05B0026E9DB /* BlackJackTests */ = {
			isa = PBXNativeTarget;
			buildConfigurationList = ED44EAE719DCF05B0026E9DB /* Build configuration list for PBXNativeTarget "BlackJackTests" */;
			buildPhases = (
				ED44EAD619DCF05B0026E9DB /* Sources */,
				ED44EAD719DCF05B0026E9DB /* Frameworks */,
				ED44EAD819DCF05B0026E9DB /* Resources */,
			);
			buildRules = (
			);
			dependencies = (
				ED44EADC19DCF05B0026E9DB /* PBXTargetDependency */,
			);
			name = BlackJackTests;
			productName = BlackJackTests;
			productReference = ED44EADA19DCF05B0026E9DB /* BlackJackTests.xctest */;
			productType = "com.apple.product-type.bundle.unit-test";
		};
/* End PBXNativeTarget section */

/* Begin PBXProject section */
		ED44EAC019DCF05B0026E9DB /* Project object */ = {
			isa = PBXProject;
			attributes = {
				LastUpgradeCheck = 0600;
				ORGANIZATIONNAME = Rakin;
				TargetAttributes = {
					ED44EAC719DCF05B0026E9DB = {
						CreatedOnToolsVersion = 6.0;
					};
					ED44EAD919DCF05B0026E9DB = {
						CreatedOnToolsVersion = 6.0;
						TestTargetID = ED44EAC719DCF05B0026E9DB;
					};
				};
			};
			buildConfigurationList = ED44EAC319DCF05B0026E9DB /* Build configuration list for PBXProject "BlackJack" */;
			compatibilityVersion = "Xcode 3.2";
			developmentRegion = English;
			hasScannedForEncodings = 0;
			knownRegions = (
				en,
				Base,
			);
			mainGroup = ED44EABF19DCF05B0026E9DB;
			productRefGroup = ED44EAC919DCF05B0026E9DB /* Products */;
			projectDirPath = "";
			projectRoot = "";
			targets = (
				ED44EAC719DCF05B0026E9DB /* BlackJack */,
				ED44EAD919DCF05B0026E9DB /* BlackJackTests */,
			);
		};
/* End PBXProject section */

/* Begin PBXResourcesBuildPhase section */
		ED44EAC619DCF05B0026E9DB /* Resources */ = {
			isa = PBXResourcesBuildPhase;
			buildActionMask = 2147483647;
			files = (
				ED44EAD319DCF05B0026E9DB /* Main.storyboard in Resources */,
				ED44EAD519DCF05B0026E9DB /* Images.xcassets in Resources */,
			);
			runOnlyForDeploymentPostprocessing = 0;
		};
		ED44EAD819DCF05B0026E9DB /* Resources */ = {
			isa = PBXResourcesBuildPhase;
			buildActionMask = 2147483647;
			files = (
			);
			runOnlyForDeploymentPostprocessing = 0;
		};
/* End PBXResourcesBuildPhase section */

/* Begin PBXSourcesBuildPhase section */
		ED44EAC419DCF05B0026E9DB /* Sources */ = {
			isa = PBXSourcesBuildPhase;
			buildActionMask = 2147483647;
			files = (
				ED44EAD019DCF05B0026E9DB /* ViewController.swift in Sources */,
				ED44EACE19DCF05B0026E9DB /* AppDelegate.swift in Sources */,
			);
			runOnlyForDeploymentPostprocessing = 0;
		};
		ED44EAD619DCF05B0026E9DB /* Sources */ = {
			isa = PBXSourcesBuildPhase;
			buildActionMask = 2147483647;
			files = (
				ED44EAE119DCF05B0026E9DB /* BlackJackTests.swift in Sources */,
			);
			runOnlyForDeploymentPostprocessing = 0;
		};
/* End PBXSourcesBuildPhase section */

/* Begin PBXTargetDependency section */
		ED44EADC19DCF05B0026E9DB /* PBXTargetDependency */ = {
			isa = PBXTargetDependency;
			target = ED44EAC719DCF05B0026E9DB /* BlackJack */;
			targetProxy = ED44EADB19DCF05B0026E9DB /* PBXContainerItemProxy */;
		};
/* End PBXTargetDependency section */

/* Begin PBXVariantGroup section */
		ED44EAD119DCF05B0026E9DB /* Main.storyboard */ = {
			isa = PBXVariantGroup;
			children = (
				ED44EAD219DCF05B0026E9DB /* Base */,
			);
			name = Main.storyboard;
			sourceTree = "<group>";
		};
/* End PBXVariantGroup section */

/* Begin XCBuildConfiguration section */
		ED44EAE219DCF05B0026E9DB /* Debug */ = {
			isa = XCBuildConfiguration;
			buildSettings = {
				ALWAYS_SEARCH_USER_PATHS = NO;
				CLANG_CXX_LANGUAGE_STANDARD = "gnu++0x";
				CLANG_CXX_LIBRARY = "libc++";
				CLANG_ENABLE_MODULES = YES;
				CLANG_ENABLE_OBJC_ARC = YES;
				CLANG_WARN_BOOL_CONVERSION = YES;
				CLANG_WARN_CONSTANT_CONVERSION = YES;
				CLANG_WARN_DIRECT_OBJC_ISA_USAGE = YES_ERROR;
				CLANG_WARN_EMPTY_BODY = YES;
				CLANG_WARN_ENUM_CONVERSION = YES;
				CLANG_WARN_INT_CONVERSION = YES;
				CLANG_WARN_OBJC_ROOT_CLASS = YES_ERROR;
				CLANG_WARN_UNREACHABLE_CODE = YES;
				CLANG_WARN__DUPLICATE_METHOD_MATCH = YES;
				"CODE_SIGN_IDENTITY[sdk=iphoneos*]" = "iPhone Developer";
				COPY_PHASE_STRIP = NO;
				ENABLE_STRICT_OBJC_MSGSEND = YES;
				GCC_C_LANGUAGE_STANDARD = gnu99;
				GCC_DYNAMIC_NO_PIC = NO;
				GCC_OPTIMIZATION_LEVEL = 0;
				GCC_PREPROCESSOR_DEFINITIONS = (
					"DEBUG=1",
					"$(inherited)",
				);
				GCC_SYMBOLS_PRIVATE_EXTERN = NO;
				GCC_WARN_64_TO_32_BIT_CONVERSION = YES;
				GCC_WARN_ABOUT_RETURN_TYPE = YES_ERROR;
				GCC_WARN_UNDECLARED_SELECTOR = YES;
				GCC_WARN_UNINITIALIZED_AUTOS = YES_AGGRESSIVE;
				GCC_WARN_UNUSED_FUNCTION = YES;
				GCC_WARN_UNUSED_VARIABLE = YES;
				IPHONEOS_DEPLOYMENT_TARGET = 8.0;
				MTL_ENABLE_DEBUG_INFO = YES;
				ONLY_ACTIVE_ARCH = YES;
				SDKROOT = iphoneos;
				SWIFT_OPTIMIZATION_LEVEL = "-Onone";
			};
			name = Debug;
		};
		ED44EAE319DCF05B0026E9DB /* Release */ = {
			isa = XCBuildConfiguration;
			buildSettings = {
				ALWAYS_SEARCH_USER_PATHS = NO;
				CLANG_CXX_LANGUAGE_STANDARD = "gnu++0x";
				CLANG_CXX_LIBRARY = "libc++";
				CLANG_ENABLE_MODULES = YES;
				CLANG_ENABLE_OBJC_ARC = YES;
				CLANG_WARN_BOOL_CONVERSION = YES;
				CLANG_WARN_CONSTANT_CONVERSION = YES;
				CLANG_WARN_DIRECT_OBJC_ISA_USAGE = YES_ERROR;
				CLANG_WARN_EMPTY_BODY = YES;
				CLANG_WARN_ENUM_CONVERSION = YES;
				CLANG_WARN_INT_CONVERSION = YES;
				CLANG_WARN_OBJC_ROOT_CLASS = YES_ERROR;
				CLANG_WARN_UNREACHABLE_CODE = YES;
				CLANG_WARN__DUPLICATE_METHOD_MATCH = YES;
				"CODE_SIGN_IDENTITY[sdk=iphoneos*]" = "iPhone Developer";
				COPY_PHASE_STRIP = YES;
				ENABLE_NS_ASSERTIONS = NO;
				ENABLE_STRICT_OBJC_MSGSEND = YES;
				GCC_C_LANGUAGE_STANDARD = gnu99;
				GCC_WARN_64_TO_32_BIT_CONVERSION = YES;
				GCC_WARN_ABOUT_RETURN_TYPE = YES_ERROR;
				GCC_WARN_UNDECLARED_SELECTOR = YES;
				GCC_WARN_UNINITIALIZED_AUTOS = YES_AGGRESSIVE;
				GCC_WARN_UNUSED_FUNCTION = YES;
				GCC_WARN_UNUSED_VARIABLE = YES;
				IPHONEOS_DEPLOYMENT_TARGET = 8.0;
				MTL_ENABLE_DEBUG_INFO = NO;
				SDKROOT = iphoneos;
				VALIDATE_PRODUCT = YES;
			};
			name = Release;
		};
		ED44EAE519DCF05B0026E9DB /* Debug */ = {
			isa = XCBuildConfiguration;
			buildSettings = {
				ASSETCATALOG_COMPILER_APPICON_NAME = AppIcon;
				ASSETCATALOG_COMPILER_LAUNCHIMAGE_NAME = LaunchImage;
				INFOPLIST_FILE = BlackJack/Info.plist;
				LD_RUNPATH_SEARCH_PATHS = "$(inherited) @executable_path/Frameworks";
				PRODUCT_NAME = "$(TARGET_NAME)";
			};
			name = Debug;
		};
		ED44EAE619DCF05B0026E9DB /* Release */ = {
			isa = XCBuildConfiguration;
			buildSettings = {
				ASSETCATALOG_COMPILER_APPICON_NAME = AppIcon;
				ASSETCATALOG_COMPILER_LAUNCHIMAGE_NAME = LaunchImage;
				INFOPLIST_FILE = BlackJack/Info.plist;
				LD_RUNPATH_SEARCH_PATHS = "$(inherited) @executable_path/Frameworks";
				PRODUCT_NAME = "$(TARGET_NAME)";
			};
			name = Release;
		};
		ED44EAE819DCF05B0026E9DB /* Debug */ = {
			isa = XCBuildConfiguration;
			buildSettings = {
				BUNDLE_LOADER = "$(TEST_HOST)";
				FRAMEWORK_SEARCH_PATHS = (
					"$(SDKROOT)/Developer/Library/Frameworks",
					"$(inherited)",
				);
				GCC_PREPROCESSOR_DEFINITIONS = (
					"DEBUG=1",
					"$(inherited)",
				);
				INFOPLIST_FILE = BlackJackTests/Info.plist;
				LD_RUNPATH_SEARCH_PATHS = "$(inherited) @executable_path/Frameworks @loader_path/Frameworks";
				PRODUCT_NAME = "$(TARGET_NAME)";
				TEST_HOST = "$(BUILT_PRODUCTS_DIR)/BlackJack.app/BlackJack";
			};
			name = Debug;
		};
		ED44EAE919DCF05B0026E9DB /* Release */ = {
			isa = XCBuildConfiguration;
			buildSettings = {
				BUNDLE_LOADER = "$(TEST_HOST)";
				FRAMEWORK_SEARCH_PATHS = (
					"$(SDKROOT)/Developer/Library/Frameworks",
					"$(inherited)",
				);
				INFOPLIST_FILE = BlackJackTests/Info.plist;
				LD_RUNPATH_SEARCH_PATHS = "$(inherited) @executable_path/Frameworks @loader_path/Frameworks";
				PRODUCT_NAME = "$(TARGET_NAME)";
				TEST_HOST = "$(BUILT_PRODUCTS_DIR)/BlackJack.app/BlackJack";
			};
			name = Release;
		};
/* End XCBuildConfiguration section */

/* Begin XCConfigurationList section */
		ED44EAC319DCF05B0026E9DB /* Build configuration list for PBXProject "BlackJack" */ = {
			isa = XCConfigurationList;
			buildConfigurations = (
				ED44EAE219DCF05B0026E9DB /* Debug */,
				ED44EAE319DCF05B0026E9DB /* Release */,
			);
			defaultConfigurationIsVisible = 0;
			defaultConfigurationName = Release;
		};
		ED44EAE419DCF05B0026E9DB /* Build configuration list for PBXNativeTarget "BlackJack" */ = {
			isa = XCConfigurationList;
			buildConfigurations = (
				ED44EAE519DCF05B0026E9DB /* Debug */,
				ED44EAE619DCF05B0026E9DB /* Release */,
			);
			defaultConfigurationIsVisible = 0;
		};
		ED44EAE719DCF05B0026E9DB /* Build configuration list for PBXNativeTarget "BlackJackTests" */ = {
			isa = XCConfigurationList;
			buildConfigurations = (
				ED44EAE819DCF05B0026E9DB /* Debug */,
				ED44EAE919DCF05B0026E9DB /* Release */,
			);
			defaultConfigurationIsVisible = 0;
		};
/* End XCConfigurationList section */
	};
	rootObject = ED44EAC019DCF05B0026E9DB /* Project object */;
}
